{
  "version": 4,
  "terraform_version": "1.4.5",
  "serial": 81,
  "lineage": "c0f77491-a9ba-efa5-d260-040103543546",
  "outputs": {
    "public-ip-addr": {
      "value": "linux-vm-tf: ",
      "type": "string"
    }
  },
  "resources": [
    {
      "mode": "data",
      "type": "azurerm_public_ip",
      "name": "tf-ip-data",
      "provider": "provider[\"registry.terraform.io/hashicorp/azurerm\"]",
      "instances": [
        {
          "schema_version": 0,
          "attributes": {
            "allocation_method": "Dynamic",
            "domain_name_label": "",
            "fqdn": "",
            "id": "/subscriptions/e02ac391-ce62-4bec-a5d9-2feff2dc17d7/resourceGroups/nadi-tf/providers/Microsoft.Network/publicIPAddresses/public-ip-tf",
            "idle_timeout_in_minutes": 4,
            "ip_address": "",
            "ip_tags": {},
            "ip_version": "IPv4",
            "location": "westeurope",
            "name": "public-ip-tf",
            "resource_group_name": "nadi-tf",
            "reverse_fqdn": "",
            "sku": "Basic",
            "tags": {
              "department": "DevOps",
              "environment": "dev",
              "source": "terraform"
            },
            "timeouts": null,
            "zones": []
          },
          "sensitive_attributes": []
        }
      ]
    },
    {
      "mode": "managed",
      "type": "azurerm_linux_virtual_machine",
      "name": "example",
      "provider": "provider[\"registry.terraform.io/hashicorp/azurerm\"]",
      "instances": [
        {
          "schema_version": 0,
          "attributes": {
            "additional_capabilities": [],
            "admin_password": null,
            "admin_ssh_key": [
              {
                "public_key": "ssh-rsa AAAAB3NzaC1yc2EAAAADAQABAAABgQC8VACMpAazDXx98AdH1bMzmuATlLZBycjIG3z1rDS18C0Aoe4Bq0yc4GCyli7BwJumchD0MYA21AzpHVMGkU8nvwI2jbknmqz1En6+BIMpNT+dMwIamSEKHKhRTu8OyZCwfhoNNFVjs7c48PBoXNjsNbqW5wnUkBZQuJUT4p0PVNW2fhQE4S3ShcCOJTnlt2LXjI26RZ2eCao7YTcuiX78/j+KaeQgttBi34WNUalISgBqittvw5BnOjLvbkvUnLipwhcBar62rmCjiJKHJrhlngzKKP9Ce0JvAUN5HtRRPvTqzxqEV1G8EQZOvm2ziZ87NX5YnGyDYy+gqr7G2T9to8UJ/8mMiop8b3aoHQm9YaemwP3tUSRe7MPeJcC4dJ+QHFDyi31YrxmCRnyfMMPOVIyxgsKECmA7TNeco6nevDN4n7Fs1mV8MuXwkdxQ1N/XdX/U45OrrcKoFih6t+rVfr0p0cHo+hi7p/C7ylFNTdwzYsr5kfd8307CteQErzU= nadid@Nadi\r\n",
                "username": "nadi"
              }
            ],
            "admin_username": "nadi",
            "allow_extension_operations": true,
            "availability_set_id": "",
            "boot_diagnostics": [],
            "computer_name": "linux-vm-tf",
            "custom_data": "IyEvYmluL2Jhc2gNCnN1ZG8gYXB0LWdldCB1cGRhdGUgLXkgJiYNCnN1ZG8gYXB0LWdldCBpbnN0YWxsIC15IFwNCmFwdC10cmFuc3BvcnQtaHR0cHMgXA0KY2EtY2VydGlmaWNhdGVzIFwNCmN1cmwgXA0KZ251cGctYWdlbnQgXA0Kc29mdHdhcmUtcHJvcGVydGllcy1jb21tb24gJiYNCmN1cmwgLWZzU0wgaHR0cHM6Ly9kb3dubG9hZC5kb2NrZXIuY29tL2xpbnV4L3VidW50dS9ncGcgfCBzdWRvIGFwdC1rZXkgYWRkIC0gJiYNCnN1ZG8gYWRkLWFwdC1yZXBvc2l0b3J5ICJkZWIgW2FyY2g9YW1kNjRdIGh0dHBzOi8vZG93bmxvYWQuZG9ja2VyLmNvbS9saW51eC91YnVudHUgJChsc2JfcmVsZWFzZSAtY3MpIHN0YWJsZSIgJiYNCnN1ZG8gYXB0LWdldCB1cGRhdGUgLXkgJiYNCnN1ZG8gc3VkbyBhcHQtZ2V0IGluc3RhbGwgZG9ja2VyLWNlIGRvY2tlci1jZS1jbGkgY29udGFpbmVyZC5pbyAteSAmJg0Kc3VkbyB1c2VybW9kIC1hRyBkb2NrZXIgdWJ1bnR1",
            "dedicated_host_group_id": "",
            "dedicated_host_id": "",
            "disable_password_authentication": true,
            "edge_zone": "",
            "encryption_at_host_enabled": false,
            "eviction_policy": "",
            "extensions_time_budget": "PT1H30M",
            "id": "/subscriptions/e02ac391-ce62-4bec-a5d9-2feff2dc17d7/resourceGroups/nadi-tf/providers/Microsoft.Compute/virtualMachines/linux-vm-tf",
            "identity": [],
            "license_type": "",
            "location": "westeurope",
            "max_bid_price": -1,
            "name": "linux-vm-tf",
            "network_interface_ids": [
              "/subscriptions/e02ac391-ce62-4bec-a5d9-2feff2dc17d7/resourceGroups/nadi-tf/providers/Microsoft.Network/networkInterfaces/nic-tf"
            ],
            "os_disk": [
              {
                "caching": "ReadWrite",
                "diff_disk_settings": [],
                "disk_encryption_set_id": "",
                "disk_size_gb": 30,
                "name": "linux-vm-tf_OsDisk_1_0fe08db73f53484b9bcafddb90b90891",
                "storage_account_type": "Standard_LRS",
                "write_accelerator_enabled": false
              }
            ],
            "patch_mode": "ImageDefault",
            "plan": [],
            "platform_fault_domain": -1,
            "priority": "Regular",
            "private_ip_address": "10.0.1.4",
            "private_ip_addresses": [
              "10.0.1.4"
            ],
            "provision_vm_agent": true,
            "proximity_placement_group_id": "",
            "public_ip_address": "20.126.2.176",
            "public_ip_addresses": [
              "20.126.2.176"
            ],
            "resource_group_name": "nadi-tf",
            "secret": [],
            "secure_boot_enabled": false,
            "size": "Standard_B1s",
            "source_image_id": "",
            "source_image_reference": [
              {
                "offer": "UbuntuServer",
                "publisher": "Canonical",
                "sku": "18.04-LTS",
                "version": "latest"
              }
            ],
            "tags": {
              "department": "DevOps",
              "environment": "dev",
              "source": "terraform"
            },
            "termination_notification": null,
            "timeouts": null,
            "user_data": "",
            "virtual_machine_id": "ee649eaf-03b4-4015-bb83-22ec63fb487e",
            "virtual_machine_scale_set_id": "",
            "vtpm_enabled": false,
            "zone": ""
          },
          "sensitive_attributes": [],
          "private": "eyJlMmJmYjczMC1lY2FhLTExZTYtOGY4OC0zNDM2M2JjN2M0YzAiOnsiY3JlYXRlIjoyNzAwMDAwMDAwMDAwLCJkZWxldGUiOjI3MDAwMDAwMDAwMDAsInJlYWQiOjMwMDAwMDAwMDAwMCwidXBkYXRlIjoyNzAwMDAwMDAwMDAwfX0=",
          "dependencies": [
            "azurerm_network_interface.nic_tf",
            "azurerm_public_ip.publicip_tf",
            "azurerm_resource_group.nadi_tf",
            "azurerm_subnet.subnet_tf",
            "azurerm_virtual_network.vnet_tf"
          ]
        }
      ]
    },
    {
      "mode": "managed",
      "type": "azurerm_network_interface",
      "name": "nic_tf",
      "provider": "provider[\"registry.terraform.io/hashicorp/azurerm\"]",
      "instances": [
        {
          "schema_version": 0,
          "attributes": {
            "applied_dns_servers": [],
            "dns_servers": [],
            "edge_zone": "",
            "enable_accelerated_networking": false,
            "enable_ip_forwarding": false,
            "id": "/subscriptions/e02ac391-ce62-4bec-a5d9-2feff2dc17d7/resourceGroups/nadi-tf/providers/Microsoft.Network/networkInterfaces/nic-tf",
            "internal_dns_name_label": "",
            "internal_domain_name_suffix": "amzl0okmu5iu1ct1pq3uptk44g.ax.internal.cloudapp.net",
            "ip_configuration": [
              {
                "gateway_load_balancer_frontend_ip_configuration_id": "",
                "name": "internal",
                "primary": true,
                "private_ip_address": "10.0.1.4",
                "private_ip_address_allocation": "Dynamic",
                "private_ip_address_version": "IPv4",
                "public_ip_address_id": "/subscriptions/e02ac391-ce62-4bec-a5d9-2feff2dc17d7/resourceGroups/nadi-tf/providers/Microsoft.Network/publicIPAddresses/public-ip-tf",
                "subnet_id": "/subscriptions/e02ac391-ce62-4bec-a5d9-2feff2dc17d7/resourceGroups/nadi-tf/providers/Microsoft.Network/virtualNetworks/vnet-tf/subnets/subnet_tf"
              }
            ],
            "location": "westeurope",
            "mac_address": "",
            "name": "nic-tf",
            "private_ip_address": "10.0.1.4",
            "private_ip_addresses": [
              "10.0.1.4"
            ],
            "resource_group_name": "nadi-tf",
            "tags": {
              "department": "DevOps",
              "environment": "dev",
              "source": "terraform"
            },
            "timeouts": null,
            "virtual_machine_id": ""
          },
          "sensitive_attributes": [],
          "private": "eyJlMmJmYjczMC1lY2FhLTExZTYtOGY4OC0zNDM2M2JjN2M0YzAiOnsiY3JlYXRlIjoxODAwMDAwMDAwMDAwLCJkZWxldGUiOjE4MDAwMDAwMDAwMDAsInJlYWQiOjMwMDAwMDAwMDAwMCwidXBkYXRlIjoxODAwMDAwMDAwMDAwfX0=",
          "dependencies": [
            "azurerm_public_ip.publicip_tf",
            "azurerm_resource_group.nadi_tf",
            "azurerm_subnet.subnet_tf",
            "azurerm_virtual_network.vnet_tf"
          ]
        }
      ]
    },
    {
      "mode": "managed",
      "type": "azurerm_network_security_group",
      "name": "nsg_tf",
      "provider": "provider[\"registry.terraform.io/hashicorp/azurerm\"]",
      "instances": [
        {
          "schema_version": 0,
          "attributes": {
            "id": "/subscriptions/e02ac391-ce62-4bec-a5d9-2feff2dc17d7/resourceGroups/nadi-tf/providers/Microsoft.Network/networkSecurityGroups/nsg-tf",
            "location": "westeurope",
            "name": "nsg-tf",
            "resource_group_name": "nadi-tf",
            "security_rule": [],
            "tags": {
              "department": "DevOps",
              "environment": "dev",
              "source": "terraform"
            },
            "timeouts": null
          },
          "sensitive_attributes": [],
          "private": "eyJlMmJmYjczMC1lY2FhLTExZTYtOGY4OC0zNDM2M2JjN2M0YzAiOnsiY3JlYXRlIjoxODAwMDAwMDAwMDAwLCJkZWxldGUiOjE4MDAwMDAwMDAwMDAsInJlYWQiOjMwMDAwMDAwMDAwMCwidXBkYXRlIjoxODAwMDAwMDAwMDAwfX0=",
          "dependencies": [
            "azurerm_resource_group.nadi_tf"
          ]
        }
      ]
    },
    {
      "mode": "managed",
      "type": "azurerm_network_security_rule",
      "name": "nsg_rule_allowall_tf",
      "provider": "provider[\"registry.terraform.io/hashicorp/azurerm\"]",
      "instances": [
        {
          "schema_version": 0,
          "attributes": {
            "access": "Allow",
            "description": "",
            "destination_address_prefix": "*",
            "destination_address_prefixes": null,
            "destination_application_security_group_ids": null,
            "destination_port_range": "*",
            "destination_port_ranges": null,
            "direction": "Inbound",
            "id": "/subscriptions/e02ac391-ce62-4bec-a5d9-2feff2dc17d7/resourceGroups/nadi-tf/providers/Microsoft.Network/networkSecurityGroups/nsg-tf/securityRules/nsg-rule-tf",
            "name": "nsg-rule-tf",
            "network_security_group_name": "nsg-tf",
            "priority": 101,
            "protocol": "*",
            "resource_group_name": "nadi-tf",
            "source_address_prefix": "*",
            "source_address_prefixes": null,
            "source_application_security_group_ids": null,
            "source_port_range": "*",
            "source_port_ranges": null,
            "timeouts": null
          },
          "sensitive_attributes": [],
          "private": "eyJlMmJmYjczMC1lY2FhLTExZTYtOGY4OC0zNDM2M2JjN2M0YzAiOnsiY3JlYXRlIjoxODAwMDAwMDAwMDAwLCJkZWxldGUiOjE4MDAwMDAwMDAwMDAsInJlYWQiOjMwMDAwMDAwMDAwMCwidXBkYXRlIjoxODAwMDAwMDAwMDAwfX0=",
          "dependencies": [
            "azurerm_network_security_group.nsg_tf",
            "azurerm_resource_group.nadi_tf"
          ]
        }
      ]
    },
    {
      "mode": "managed",
      "type": "azurerm_public_ip",
      "name": "publicip_tf",
      "provider": "provider[\"registry.terraform.io/hashicorp/azurerm\"]",
      "instances": [
        {
          "schema_version": 0,
          "attributes": {
            "allocation_method": "Dynamic",
            "domain_name_label": null,
            "edge_zone": "",
            "fqdn": null,
            "id": "/subscriptions/e02ac391-ce62-4bec-a5d9-2feff2dc17d7/resourceGroups/nadi-tf/providers/Microsoft.Network/publicIPAddresses/public-ip-tf",
            "idle_timeout_in_minutes": 4,
            "ip_address": "",
            "ip_tags": null,
            "ip_version": "IPv4",
            "location": "westeurope",
            "name": "public-ip-tf",
            "public_ip_prefix_id": null,
            "resource_group_name": "nadi-tf",
            "reverse_fqdn": null,
            "sku": "Basic",
            "sku_tier": "Regional",
            "tags": {
              "department": "DevOps",
              "environment": "dev",
              "source": "terraform"
            },
            "timeouts": null,
            "zones": null
          },
          "sensitive_attributes": [],
          "private": "eyJlMmJmYjczMC1lY2FhLTExZTYtOGY4OC0zNDM2M2JjN2M0YzAiOnsiY3JlYXRlIjoxODAwMDAwMDAwMDAwLCJkZWxldGUiOjE4MDAwMDAwMDAwMDAsInJlYWQiOjMwMDAwMDAwMDAwMCwidXBkYXRlIjoxODAwMDAwMDAwMDAwfX0=",
          "dependencies": [
            "azurerm_resource_group.nadi_tf"
          ]
        }
      ]
    },
    {
      "mode": "managed",
      "type": "azurerm_resource_group",
      "name": "nadi_tf",
      "provider": "provider[\"registry.terraform.io/hashicorp/azurerm\"]",
      "instances": [
        {
          "schema_version": 0,
          "attributes": {
            "id": "/subscriptions/e02ac391-ce62-4bec-a5d9-2feff2dc17d7/resourceGroups/nadi-tf",
            "location": "westeurope",
            "name": "nadi-tf",
            "tags": {
              "department": "DevOps",
              "environment": "dev",
              "source": "terraform"
            },
            "timeouts": null
          },
          "sensitive_attributes": [],
          "private": "eyJlMmJmYjczMC1lY2FhLTExZTYtOGY4OC0zNDM2M2JjN2M0YzAiOnsiY3JlYXRlIjo1NDAwMDAwMDAwMDAwLCJkZWxldGUiOjU0MDAwMDAwMDAwMDAsInJlYWQiOjMwMDAwMDAwMDAwMCwidXBkYXRlIjo1NDAwMDAwMDAwMDAwfX0="
        }
      ]
    },
    {
      "mode": "managed",
      "type": "azurerm_subnet",
      "name": "subnet_tf",
      "provider": "provider[\"registry.terraform.io/hashicorp/azurerm\"]",
      "instances": [
        {
          "schema_version": 0,
          "attributes": {
            "address_prefixes": [
              "10.0.1.0/24"
            ],
            "delegation": [],
            "enforce_private_link_endpoint_network_policies": false,
            "enforce_private_link_service_network_policies": false,
            "id": "/subscriptions/e02ac391-ce62-4bec-a5d9-2feff2dc17d7/resourceGroups/nadi-tf/providers/Microsoft.Network/virtualNetworks/vnet-tf/subnets/subnet_tf",
            "name": "subnet_tf",
            "resource_group_name": "nadi-tf",
            "service_endpoint_policy_ids": null,
            "service_endpoints": null,
            "timeouts": null,
            "virtual_network_name": "vnet-tf"
          },
          "sensitive_attributes": [],
          "private": "eyJlMmJmYjczMC1lY2FhLTExZTYtOGY4OC0zNDM2M2JjN2M0YzAiOnsiY3JlYXRlIjoxODAwMDAwMDAwMDAwLCJkZWxldGUiOjE4MDAwMDAwMDAwMDAsInJlYWQiOjMwMDAwMDAwMDAwMCwidXBkYXRlIjoxODAwMDAwMDAwMDAwfX0=",
          "dependencies": [
            "azurerm_resource_group.nadi_tf",
            "azurerm_virtual_network.vnet_tf"
          ]
        }
      ]
    },
    {
      "mode": "managed",
      "type": "azurerm_subnet_network_security_group_association",
      "name": "nadi_nsga_tf",
      "provider": "provider[\"registry.terraform.io/hashicorp/azurerm\"]",
      "instances": [
        {
          "schema_version": 0,
          "attributes": {
            "id": "/subscriptions/e02ac391-ce62-4bec-a5d9-2feff2dc17d7/resourceGroups/nadi-tf/providers/Microsoft.Network/virtualNetworks/vnet-tf/subnets/subnet_tf",
            "network_security_group_id": "/subscriptions/e02ac391-ce62-4bec-a5d9-2feff2dc17d7/resourceGroups/nadi-tf/providers/Microsoft.Network/networkSecurityGroups/nsg-tf",
            "subnet_id": "/subscriptions/e02ac391-ce62-4bec-a5d9-2feff2dc17d7/resourceGroups/nadi-tf/providers/Microsoft.Network/virtualNetworks/vnet-tf/subnets/subnet_tf",
            "timeouts": null
          },
          "sensitive_attributes": [],
          "private": "eyJlMmJmYjczMC1lY2FhLTExZTYtOGY4OC0zNDM2M2JjN2M0YzAiOnsiY3JlYXRlIjoxODAwMDAwMDAwMDAwLCJkZWxldGUiOjE4MDAwMDAwMDAwMDAsInJlYWQiOjMwMDAwMDAwMDAwMCwidXBkYXRlIjoxODAwMDAwMDAwMDAwfX0=",
          "dependencies": [
            "azurerm_network_security_group.nsg_tf",
            "azurerm_resource_group.nadi_tf",
            "azurerm_subnet.subnet_tf",
            "azurerm_virtual_network.vnet_tf"
          ]
        }
      ]
    },
    {
      "mode": "managed",
      "type": "azurerm_virtual_network",
      "name": "vnet_tf",
      "provider": "provider[\"registry.terraform.io/hashicorp/azurerm\"]",
      "instances": [
        {
          "schema_version": 0,
          "attributes": {
            "address_space": [
              "10.0.0.0/16"
            ],
            "bgp_community": "",
            "ddos_protection_plan": [],
            "dns_servers": [],
            "edge_zone": "",
            "flow_timeout_in_minutes": 0,
            "guid": "39bd3203-a74c-4dd1-8a7b-7c3b47cd5ef6",
            "id": "/subscriptions/e02ac391-ce62-4bec-a5d9-2feff2dc17d7/resourceGroups/nadi-tf/providers/Microsoft.Network/virtualNetworks/vnet-tf",
            "location": "westeurope",
            "name": "vnet-tf",
            "resource_group_name": "nadi-tf",
            "subnet": [],
            "tags": {
              "department": "DevOps",
              "environment": "dev",
              "source": "terraform"
            },
            "timeouts": null
          },
          "sensitive_attributes": [],
          "private": "eyJlMmJmYjczMC1lY2FhLTExZTYtOGY4OC0zNDM2M2JjN2M0YzAiOnsiY3JlYXRlIjoxODAwMDAwMDAwMDAwLCJkZWxldGUiOjE4MDAwMDAwMDAwMDAsInJlYWQiOjMwMDAwMDAwMDAwMCwidXBkYXRlIjoxODAwMDAwMDAwMDAwfX0=",
          "dependencies": [
            "azurerm_resource_group.nadi_tf"
          ]
        }
      ]
    }
  ],
  "check_results": null
}
